
Microsoft Visual Studio Solution File, Format Version 12.00
# Visual Studio Version 17
VisualStudioVersion = 17.5.33530.505
MinimumVisualStudioVersion = 10.0.40219.1
Project("{FAE04EC0-301F-11D3-BF4B-00C04F79EFBC}") = "BMI Calculator", "BMI Calculator\BMI Calculator.csproj", "{AA624EBC-E40C-44DC-98B3-8C7C428DCD95}"
EndProject
Global
	GlobalSection(SolutionConfigurationPlatforms) = preSolution
		Debug|Any CPU = Debug|Any CPU
		Release|Any CPU = Release|Any CPU
	EndGlobalSection
	GlobalSection(ProjectConfigurationPlatforms) = postSolution
		{AA624EBC-E40C-44DC-98B3-8C7C428DCD95}.Debug|Any CPU.ActiveCfg = Debug|Any CPU
		{AA624EBC-E40C-44DC-98B3-8C7C428DCD95}.Debug|Any CPU.Build.0 = Debug|Any CPU
		{AA624EBC-E40C-44DC-98B3-8C7C428DCD95}.Release|Any CPU.ActiveCfg = Release|Any CPU
		{AA624EBC-E40C-44DC-98B3-8C7C428DCD95}.Release|Any CPU.Build.0 = Release|Any CPU
	EndGlobalSection
	GlobalSection(SolutionProperties) = preSolution
		HideSolutionNode = FALSE
	EndGlobalSection
	GlobalSection(ExtensibilityGlobals) = postSolution
		SolutionGuid = {9F476FA0-E35E-46D7-B597-D7BB2F604277}
	EndGlobalSection
EndGlobal
